
Microsoft Visual Studio Solution File, Format Version 12.00
# Visual Studio Version 17
VisualStudioVersion = 17.5.33414.496
MinimumVisualStudioVersion = 10.0.40219.1
Project("{FAE04EC0-301F-11D3-BF4B-00C04F79EFBC}") = "PruebaC", "PruebaC\PruebaC.csproj", "{FCD9EFCF-3DD4-4CAD-8BF0-821F600A0397}"
EndProject
Global
	GlobalSection(SolutionConfigurationPlatforms) = preSolution
		Debug|Any CPU = Debug|Any CPU
		Release|Any CPU = Release|Any CPU
	EndGlobalSection
	GlobalSection(ProjectConfigurationPlatforms) = postSolution
		{FCD9EFCF-3DD4-4CAD-8BF0-821F600A0397}.Debug|Any CPU.ActiveCfg = Debug|Any CPU
		{FCD9EFCF-3DD4-4CAD-8BF0-821F600A0397}.Debug|Any CPU.Build.0 = Debug|Any CPU
		{FCD9EFCF-3DD4-4CAD-8BF0-821F600A0397}.Release|Any CPU.ActiveCfg = Release|Any CPU
		{FCD9EFCF-3DD4-4CAD-8BF0-821F600A0397}.Release|Any CPU.Build.0 = Release|Any CPU
	EndGlobalSection
	GlobalSection(SolutionProperties) = preSolution
		HideSolutionNode = FALSE
	EndGlobalSection
	GlobalSection(ExtensibilityGlobals) = postSolution
		SolutionGuid = {479BF909-E289-4C08-A222-CAEAECC25E72}
	EndGlobalSection
EndGlobal
